
Microsoft Visual Studio Solution File, Format Version 12.00
Project("{FAE04EC0-301F-11D3-BF4B-00C04F79EFBC}") = "Calculator", "Calculator\Calculator.csproj", "{C1B50961-71F0-4D21-A612-2E7773E2978E}"
EndProject
Global
	GlobalSection(SolutionConfigurationPlatforms) = preSolution
		Debug|Any CPU = Debug|Any CPU
		Release|Any CPU = Release|Any CPU
	EndGlobalSection
	GlobalSection(ProjectConfigurationPlatforms) = postSolution
		{C1B50961-71F0-4D21-A612-2E7773E2978E}.Debug|Any CPU.ActiveCfg = Debug|Any CPU
		{C1B50961-71F0-4D21-A612-2E7773E2978E}.Debug|Any CPU.Build.0 = Debug|Any CPU
		{C1B50961-71F0-4D21-A612-2E7773E2978E}.Release|Any CPU.ActiveCfg = Release|Any CPU
		{C1B50961-71F0-4D21-A612-2E7773E2978E}.Release|Any CPU.Build.0 = Release|Any CPU
	EndGlobalSection
EndGlobal
